
Microsoft Visual Studio Solution File, Format Version 12.00
# Visual Studio 2013
VisualStudioVersion = 12.0.30723.0
MinimumVisualStudioVersion = 10.0.40219.1
Project("{FAE04EC0-301F-11D3-BF4B-00C04F79EFBC}") = "ExtraLinq", "src\app\ExtraLINQ\ExtraLinq.csproj", "{C58F133E-FC14-4911-A71A-DE2B3EBBA27F}"
EndProject
Project("{FAE04EC0-301F-11D3-BF4B-00C04F79EFBC}") = "ExtraLINQ.Tests", "src\tests\ExtraLINQ.Tests\ExtraLINQ.Tests.csproj", "{7968B9BA-8B2B-45FF-ABFE-09A71BA224DD}"
EndProject
Global
	GlobalSection(SolutionConfigurationPlatforms) = preSolution
		Debug|Any CPU = Debug|Any CPU
		Release|Any CPU = Release|Any CPU
	EndGlobalSection
	GlobalSection(ProjectConfigurationPlatforms) = postSolution
		{C58F133E-FC14-4911-A71A-DE2B3EBBA27F}.Debug|Any CPU.ActiveCfg = Debug|Any CPU
		{C58F133E-FC14-4911-A71A-DE2B3EBBA27F}.Debug|Any CPU.Build.0 = Debug|Any CPU
		{C58F133E-FC14-4911-A71A-DE2B3EBBA27F}.Release|Any CPU.ActiveCfg = Release|Any CPU
		{C58F133E-FC14-4911-A71A-DE2B3EBBA27F}.Release|Any CPU.Build.0 = Release|Any CPU
		{7968B9BA-8B2B-45FF-ABFE-09A71BA224DD}.Debug|Any CPU.ActiveCfg = Debug|Any CPU
		{7968B9BA-8B2B-45FF-ABFE-09A71BA224DD}.Debug|Any CPU.Build.0 = Debug|Any CPU
		{7968B9BA-8B2B-45FF-ABFE-09A71BA224DD}.Release|Any CPU.ActiveCfg = Release|Any CPU
		{7968B9BA-8B2B-45FF-ABFE-09A71BA224DD}.Release|Any CPU.Build.0 = Release|Any CPU
	EndGlobalSection
	GlobalSection(SolutionProperties) = preSolution
		HideSolutionNode = FALSE
	EndGlobalSection
	GlobalSection(TestCaseManagementSettings) = postSolution
		CategoryFile = ExtraLINQ.vsmdi
	EndGlobalSection
EndGlobal
